
Microsoft Visual Studio Solution File, Format Version 12.00
# Visual Studio Version 17
VisualStudioVersion = 17.9.34728.123
MinimumVisualStudioVersion = 10.0.40219.1
Project("{F184B08F-C81C-45F6-A57F-5ABD9991F28F}") = "practice", "practice\practice.vbproj", "{D17FDF2A-F03C-4695-B061-E95E16286064}"
EndProject
Global
	GlobalSection(SolutionConfigurationPlatforms) = preSolution
		Debug|Any CPU = Debug|Any CPU
		Release|Any CPU = Release|Any CPU
	EndGlobalSection
	GlobalSection(ProjectConfigurationPlatforms) = postSolution
		{D17FDF2A-F03C-4695-B061-E95E16286064}.Debug|Any CPU.ActiveCfg = Debug|Any CPU
		{D17FDF2A-F03C-4695-B061-E95E16286064}.Debug|Any CPU.Build.0 = Debug|Any CPU
		{D17FDF2A-F03C-4695-B061-E95E16286064}.Release|Any CPU.ActiveCfg = Release|Any CPU
		{D17FDF2A-F03C-4695-B061-E95E16286064}.Release|Any CPU.Build.0 = Release|Any CPU
	EndGlobalSection
	GlobalSection(SolutionProperties) = preSolution
		HideSolutionNode = FALSE
	EndGlobalSection
	GlobalSection(ExtensibilityGlobals) = postSolution
		SolutionGuid = {D7E69B4D-680C-41B2-BC34-422451557141}
	EndGlobalSection
EndGlobal
