
Microsoft Visual Studio Solution File, Format Version 12.00
# Visual Studio Version 17
VisualStudioVersion = 17.9.34728.123
MinimumVisualStudioVersion = 10.0.40219.1
Project("{F184B08F-C81C-45F6-A57F-5ABD9991F28F}") = "Arithmetic Operators Program-2", "Arithmetic Operators Program-2\Arithmetic Operators Program-2.vbproj", "{F4BB97F6-55AB-4695-A996-CA56930DD8F0}"
EndProject
Global
	GlobalSection(SolutionConfigurationPlatforms) = preSolution
		Debug|Any CPU = Debug|Any CPU
		Release|Any CPU = Release|Any CPU
	EndGlobalSection
	GlobalSection(ProjectConfigurationPlatforms) = postSolution
		{F4BB97F6-55AB-4695-A996-CA56930DD8F0}.Debug|Any CPU.ActiveCfg = Debug|Any CPU
		{F4BB97F6-55AB-4695-A996-CA56930DD8F0}.Debug|Any CPU.Build.0 = Debug|Any CPU
		{F4BB97F6-55AB-4695-A996-CA56930DD8F0}.Release|Any CPU.ActiveCfg = Release|Any CPU
		{F4BB97F6-55AB-4695-A996-CA56930DD8F0}.Release|Any CPU.Build.0 = Release|Any CPU
	EndGlobalSection
	GlobalSection(SolutionProperties) = preSolution
		HideSolutionNode = FALSE
	EndGlobalSection
	GlobalSection(ExtensibilityGlobals) = postSolution
		SolutionGuid = {9386086B-6271-4DDF-9376-A0132294D5F9}
	EndGlobalSection
EndGlobal
