
Microsoft Visual Studio Solution File, Format Version 12.00
# Visual Studio Version 17
VisualStudioVersion = 17.9.34728.123
MinimumVisualStudioVersion = 10.0.40219.1
Project("{F184B08F-C81C-45F6-A57F-5ABD9991F28F}") = "SelectCaseProgram1", "SelectCaseProgram1\SelectCaseProgram1.vbproj", "{3628EEEF-E9FB-4630-BC8F-0FC3D1D601FF}"
EndProject
Global
	GlobalSection(SolutionConfigurationPlatforms) = preSolution
		Debug|Any CPU = Debug|Any CPU
		Release|Any CPU = Release|Any CPU
	EndGlobalSection
	GlobalSection(ProjectConfigurationPlatforms) = postSolution
		{3628EEEF-E9FB-4630-BC8F-0FC3D1D601FF}.Debug|Any CPU.ActiveCfg = Debug|Any CPU
		{3628EEEF-E9FB-4630-BC8F-0FC3D1D601FF}.Debug|Any CPU.Build.0 = Debug|Any CPU
		{3628EEEF-E9FB-4630-BC8F-0FC3D1D601FF}.Release|Any CPU.ActiveCfg = Release|Any CPU
		{3628EEEF-E9FB-4630-BC8F-0FC3D1D601FF}.Release|Any CPU.Build.0 = Release|Any CPU
	EndGlobalSection
	GlobalSection(SolutionProperties) = preSolution
		HideSolutionNode = FALSE
	EndGlobalSection
	GlobalSection(ExtensibilityGlobals) = postSolution
		SolutionGuid = {A8230398-62C9-4B4E-802E-E4B6E356FEA3}
	EndGlobalSection
EndGlobal
