
Microsoft Visual Studio Solution File, Format Version 12.00
# Visual Studio Version 17
VisualStudioVersion = 17.9.34728.123
MinimumVisualStudioVersion = 10.0.40219.1
Project("{F184B08F-C81C-45F6-A57F-5ABD9991F28F}") = "VariableDataTypes", "VariableDataTypes\VariableDataTypes.vbproj", "{0B2F4181-FE1B-4318-8552-06B00400A922}"
EndProject
Global
	GlobalSection(SolutionConfigurationPlatforms) = preSolution
		Debug|Any CPU = Debug|Any CPU
		Release|Any CPU = Release|Any CPU
	EndGlobalSection
	GlobalSection(ProjectConfigurationPlatforms) = postSolution
		{0B2F4181-FE1B-4318-8552-06B00400A922}.Debug|Any CPU.ActiveCfg = Debug|Any CPU
		{0B2F4181-FE1B-4318-8552-06B00400A922}.Debug|Any CPU.Build.0 = Debug|Any CPU
		{0B2F4181-FE1B-4318-8552-06B00400A922}.Release|Any CPU.ActiveCfg = Release|Any CPU
		{0B2F4181-FE1B-4318-8552-06B00400A922}.Release|Any CPU.Build.0 = Release|Any CPU
	EndGlobalSection
	GlobalSection(SolutionProperties) = preSolution
		HideSolutionNode = FALSE
	EndGlobalSection
	GlobalSection(ExtensibilityGlobals) = postSolution
		SolutionGuid = {BA27A809-3659-4E27-8206-FE68B4CA57FC}
	EndGlobalSection
EndGlobal
