
Microsoft Visual Studio Solution File, Format Version 12.00
# Visual Studio Version 17
VisualStudioVersion = 17.9.34728.123
MinimumVisualStudioVersion = 10.0.40219.1
Project("{F184B08F-C81C-45F6-A57F-5ABD9991F28F}") = "Activity 8", "Activity 8\Activity 8.vbproj", "{B0C350EF-94B8-4950-A50F-7D3AF624CABA}"
EndProject
Global
	GlobalSection(SolutionConfigurationPlatforms) = preSolution
		Debug|Any CPU = Debug|Any CPU
		Release|Any CPU = Release|Any CPU
	EndGlobalSection
	GlobalSection(ProjectConfigurationPlatforms) = postSolution
		{B0C350EF-94B8-4950-A50F-7D3AF624CABA}.Debug|Any CPU.ActiveCfg = Debug|Any CPU
		{B0C350EF-94B8-4950-A50F-7D3AF624CABA}.Debug|Any CPU.Build.0 = Debug|Any CPU
		{B0C350EF-94B8-4950-A50F-7D3AF624CABA}.Release|Any CPU.ActiveCfg = Release|Any CPU
		{B0C350EF-94B8-4950-A50F-7D3AF624CABA}.Release|Any CPU.Build.0 = Release|Any CPU
	EndGlobalSection
	GlobalSection(SolutionProperties) = preSolution
		HideSolutionNode = FALSE
	EndGlobalSection
	GlobalSection(ExtensibilityGlobals) = postSolution
		SolutionGuid = {2FB00423-6B5A-47B5-826F-FE4E05014D16}
	EndGlobalSection
EndGlobal
